
Microsoft Visual Studio Solution File, Format Version 12.00
# Visual Studio Version 17
VisualStudioVersion = 17.0.31903.59
MinimumVisualStudioVersion = 10.0.40219.1
Project("{2150E333-8FDC-42A3-9474-1A3956D46DE8}") = "src", "src", "{C42758D0-31A4-4F20-95CB-472ADA2CD52B}"
EndProject
Project("{FAE04EC0-301F-11D3-BF4B-00C04F79EFBC}") = "AuctionService", "src\AuctionService\AuctionService.csproj", "{45847A44-BFB8-4D35-AFC6-765B41EA763D}"
EndProject
Project("{FAE04EC0-301F-11D3-BF4B-00C04F79EFBC}") = "SearchService", "src\SearchService\SearchService.csproj", "{7DC4457D-B7D1-49DE-9B1D-9576E5B509E5}"
EndProject
Project("{FAE04EC0-301F-11D3-BF4B-00C04F79EFBC}") = "Contracts", "src\Contracts\Contracts.csproj", "{9E4729BC-15BF-4094-973F-984748E2DD10}"
EndProject
Project("{FAE04EC0-301F-11D3-BF4B-00C04F79EFBC}") = "IdentityService", "src\IdentityService\IdentityService.csproj", "{AAE48575-68DA-4209-AC08-D51E52FBD783}"
EndProject
Project("{FAE04EC0-301F-11D3-BF4B-00C04F79EFBC}") = "GatewayService", "src\GatewayService\GatewayService.csproj", "{BF287F25-9307-4B3A-ACC4-C063C36A2C20}"
EndProject
Project("{2150E333-8FDC-42A3-9474-1A3956D46DE8}") = "tests", "tests", "{99338187-5F03-4447-A040-D32C0837C683}"
EndProject
Project("{FAE04EC0-301F-11D3-BF4B-00C04F79EFBC}") = "AuctionService.UnitTests", "tests\AuctionService.UnitTests\AuctionService.UnitTests.csproj", "{0292CF2A-3503-4E69-8973-C469315873E6}"
EndProject
Project("{FAE04EC0-301F-11D3-BF4B-00C04F79EFBC}") = "BiddingService", "src\BiddingService\BiddingService.csproj", "{42E4D1F4-FF1A-4FF6-8DBF-B125B9D7840E}"
EndProject
Project("{FAE04EC0-301F-11D3-BF4B-00C04F79EFBC}") = "NotificationService", "src\NotificationService\NotificationService.csproj", "{128C18B4-004F-45BA-927A-F0D3A6D57EB3}"
EndProject
Global
	GlobalSection(SolutionConfigurationPlatforms) = preSolution
		Debug|Any CPU = Debug|Any CPU
		Release|Any CPU = Release|Any CPU
	EndGlobalSection
	GlobalSection(SolutionProperties) = preSolution
		HideSolutionNode = FALSE
	EndGlobalSection
	GlobalSection(ProjectConfigurationPlatforms) = postSolution
		{45847A44-BFB8-4D35-AFC6-765B41EA763D}.Debug|Any CPU.ActiveCfg = Debug|Any CPU
		{45847A44-BFB8-4D35-AFC6-765B41EA763D}.Debug|Any CPU.Build.0 = Debug|Any CPU
		{45847A44-BFB8-4D35-AFC6-765B41EA763D}.Release|Any CPU.ActiveCfg = Release|Any CPU
		{45847A44-BFB8-4D35-AFC6-765B41EA763D}.Release|Any CPU.Build.0 = Release|Any CPU
		{7DC4457D-B7D1-49DE-9B1D-9576E5B509E5}.Debug|Any CPU.ActiveCfg = Debug|Any CPU
		{7DC4457D-B7D1-49DE-9B1D-9576E5B509E5}.Debug|Any CPU.Build.0 = Debug|Any CPU
		{7DC4457D-B7D1-49DE-9B1D-9576E5B509E5}.Release|Any CPU.ActiveCfg = Release|Any CPU
		{7DC4457D-B7D1-49DE-9B1D-9576E5B509E5}.Release|Any CPU.Build.0 = Release|Any CPU
		{9E4729BC-15BF-4094-973F-984748E2DD10}.Debug|Any CPU.ActiveCfg = Debug|Any CPU
		{9E4729BC-15BF-4094-973F-984748E2DD10}.Debug|Any CPU.Build.0 = Debug|Any CPU
		{9E4729BC-15BF-4094-973F-984748E2DD10}.Release|Any CPU.ActiveCfg = Release|Any CPU
		{9E4729BC-15BF-4094-973F-984748E2DD10}.Release|Any CPU.Build.0 = Release|Any CPU
		{AAE48575-68DA-4209-AC08-D51E52FBD783}.Debug|Any CPU.ActiveCfg = Debug|Any CPU
		{AAE48575-68DA-4209-AC08-D51E52FBD783}.Debug|Any CPU.Build.0 = Debug|Any CPU
		{AAE48575-68DA-4209-AC08-D51E52FBD783}.Release|Any CPU.ActiveCfg = Release|Any CPU
		{AAE48575-68DA-4209-AC08-D51E52FBD783}.Release|Any CPU.Build.0 = Release|Any CPU
		{BF287F25-9307-4B3A-ACC4-C063C36A2C20}.Debug|Any CPU.ActiveCfg = Debug|Any CPU
		{BF287F25-9307-4B3A-ACC4-C063C36A2C20}.Debug|Any CPU.Build.0 = Debug|Any CPU
		{BF287F25-9307-4B3A-ACC4-C063C36A2C20}.Release|Any CPU.ActiveCfg = Release|Any CPU
		{BF287F25-9307-4B3A-ACC4-C063C36A2C20}.Release|Any CPU.Build.0 = Release|Any CPU
		{0292CF2A-3503-4E69-8973-C469315873E6}.Debug|Any CPU.ActiveCfg = Debug|Any CPU
		{0292CF2A-3503-4E69-8973-C469315873E6}.Debug|Any CPU.Build.0 = Debug|Any CPU
		{0292CF2A-3503-4E69-8973-C469315873E6}.Release|Any CPU.ActiveCfg = Release|Any CPU
		{0292CF2A-3503-4E69-8973-C469315873E6}.Release|Any CPU.Build.0 = Release|Any CPU
		{42E4D1F4-FF1A-4FF6-8DBF-B125B9D7840E}.Debug|Any CPU.ActiveCfg = Debug|Any CPU
		{42E4D1F4-FF1A-4FF6-8DBF-B125B9D7840E}.Debug|Any CPU.Build.0 = Debug|Any CPU
		{42E4D1F4-FF1A-4FF6-8DBF-B125B9D7840E}.Release|Any CPU.ActiveCfg = Release|Any CPU
		{42E4D1F4-FF1A-4FF6-8DBF-B125B9D7840E}.Release|Any CPU.Build.0 = Release|Any CPU
		{128C18B4-004F-45BA-927A-F0D3A6D57EB3}.Debug|Any CPU.ActiveCfg = Debug|Any CPU
		{128C18B4-004F-45BA-927A-F0D3A6D57EB3}.Debug|Any CPU.Build.0 = Debug|Any CPU
		{128C18B4-004F-45BA-927A-F0D3A6D57EB3}.Release|Any CPU.ActiveCfg = Release|Any CPU
		{128C18B4-004F-45BA-927A-F0D3A6D57EB3}.Release|Any CPU.Build.0 = Release|Any CPU
	EndGlobalSection
	GlobalSection(NestedProjects) = preSolution
		{45847A44-BFB8-4D35-AFC6-765B41EA763D} = {C42758D0-31A4-4F20-95CB-472ADA2CD52B}
		{7DC4457D-B7D1-49DE-9B1D-9576E5B509E5} = {C42758D0-31A4-4F20-95CB-472ADA2CD52B}
		{9E4729BC-15BF-4094-973F-984748E2DD10} = {C42758D0-31A4-4F20-95CB-472ADA2CD52B}
		{AAE48575-68DA-4209-AC08-D51E52FBD783} = {C42758D0-31A4-4F20-95CB-472ADA2CD52B}
		{BF287F25-9307-4B3A-ACC4-C063C36A2C20} = {C42758D0-31A4-4F20-95CB-472ADA2CD52B}
		{0292CF2A-3503-4E69-8973-C469315873E6} = {99338187-5F03-4447-A040-D32C0837C683}
		{42E4D1F4-FF1A-4FF6-8DBF-B125B9D7840E} = {C42758D0-31A4-4F20-95CB-472ADA2CD52B}
		{128C18B4-004F-45BA-927A-F0D3A6D57EB3} = {C42758D0-31A4-4F20-95CB-472ADA2CD52B}
	EndGlobalSection
EndGlobal
